
Microsoft Visual Studio Solution File, Format Version 12.00
# Visual Studio Version 16
VisualStudioVersion = 16.0.30804.86
MinimumVisualStudioVersion = 10.0.40219.1
Project("{FAE04EC0-301F-11D3-BF4B-00C04F79EFBC}") = "ThaibevTest2021_API", "ThaibevTest2021_API\ThaibevTest2021_API.csproj", "{5A5F5C41-2335-4FD7-94E7-9D311225119C}"
EndProject
Global
	GlobalSection(SolutionConfigurationPlatforms) = preSolution
		Debug|Any CPU = Debug|Any CPU
		Release|Any CPU = Release|Any CPU
	EndGlobalSection
	GlobalSection(ProjectConfigurationPlatforms) = postSolution
		{5A5F5C41-2335-4FD7-94E7-9D311225119C}.Debug|Any CPU.ActiveCfg = Debug|Any CPU
		{5A5F5C41-2335-4FD7-94E7-9D311225119C}.Debug|Any CPU.Build.0 = Debug|Any CPU
		{5A5F5C41-2335-4FD7-94E7-9D311225119C}.Release|Any CPU.ActiveCfg = Release|Any CPU
		{5A5F5C41-2335-4FD7-94E7-9D311225119C}.Release|Any CPU.Build.0 = Release|Any CPU
	EndGlobalSection
	GlobalSection(SolutionProperties) = preSolution
		HideSolutionNode = FALSE
	EndGlobalSection
	GlobalSection(ExtensibilityGlobals) = postSolution
		SolutionGuid = {8F748E3E-6771-4749-B43A-FDFF7644DEE7}
	EndGlobalSection
EndGlobal
